%{"cowboy": {:git, "git://github.com/extend/cowboy.git", "1ad3aae4d5459ee991805d16a3837e1da2ba96ff", []},
  "cowlib": {:git, "git://github.com/extend/cowlib.git", "f58340a0044856bb508df03cfe94cf79308380a2", [ref: "0.6.1"]},
  "elixir_commits": {:git, "git://github.com/iamkristian/elixir_commits.git", "5cdf10ecbbb0e036ee461156ef2ab6efa88d01c9", []},
  "exjson": {:git, "git://github.com/guedes/exjson.git", "9d428acfa2b55d070576e71cef55e2e0bad8c5ab", []},
  "exlager": {:git, "git://github.com/khia/exlager.git", "99eb3fb763ae546edfe2ac3dd181987a4872dfcc", []},
  "goldrush": {:git, "git://github.com/DeadZen/goldrush.git", "71e63212f12c25827e0c1b4198d37d5d018a7fec", [tag: "0.1.6"]},
  "hackney": {:git, "git://github.com/benoitc/hackney.git", "e18bdd2f68840c8fddd77875b06079087290e5cc", []},
  "hackney_lib": {:git, "https://github.com/benoitc/hackney_lib.git", "48a5a3fc64892c95e4e3efdd464f26ca5683d2f9", [tag: "0.3.0"]},
  "idna": {:git, "git://github.com/benoitc/erlang-idna.git", "21aa158b7f36bf2a000f12fe40d7f21eece9cf65", [tag: "hackney-0.11.2"]},
  "lager": {:git, "https://github.com/basho/lager.git", "4d8291edb72a25ac0efde907e2ecaa115108ff90", []},
  "plug": {:git, "git://github.com/elixir-lang/plug.git", "c693f663efbcbc7a6d77a51bddcb42c75c25afd9", []},
  "ranch": {:git, "git://github.com/extend/ranch.git", "5df1f222f94e08abdcab7084f5e13027143cc222", [ref: "0.9.0"]},
  "weber": {:git, "git://github.com/elixir-web/weber.git", "a910311a8be63fc210540de03691a596d662b97c", []},
  "weberContrib": {:git, "git://github.com/0xAX/weber-contrib.git", "782e7688ab8d71ef800898c29b4a720b8148a743", []}}
